
Microsoft Visual Studio Solution File, Format Version 12.00
# Visual Studio Version 17
VisualStudioVersion = 17.9.34728.123
MinimumVisualStudioVersion = 10.0.40219.1
Project("{9A19103F-16F7-4668-BE54-9A1E7A4F7556}") = "RosaFoods", "RosaFoods\RosaFoods.csproj", "{50AB1CA3-185A-4796-A9A1-D8A723036093}"
EndProject
Project("{9A19103F-16F7-4668-BE54-9A1E7A4F7556}") = "PedidoControllerTest", "PedidoControllerTest\PedidoControllerTest.csproj", "{47288F53-4069-4504-A4A1-E582677B4B5B}"
EndProject
Global
	GlobalSection(SolutionConfigurationPlatforms) = preSolution
		Debug|Any CPU = Debug|Any CPU
		Release|Any CPU = Release|Any CPU
	EndGlobalSection
	GlobalSection(ProjectConfigurationPlatforms) = postSolution
		{50AB1CA3-185A-4796-A9A1-D8A723036093}.Debug|Any CPU.ActiveCfg = Debug|Any CPU
		{50AB1CA3-185A-4796-A9A1-D8A723036093}.Debug|Any CPU.Build.0 = Debug|Any CPU
		{50AB1CA3-185A-4796-A9A1-D8A723036093}.Release|Any CPU.ActiveCfg = Release|Any CPU
		{50AB1CA3-185A-4796-A9A1-D8A723036093}.Release|Any CPU.Build.0 = Release|Any CPU
		{47288F53-4069-4504-A4A1-E582677B4B5B}.Debug|Any CPU.ActiveCfg = Debug|Any CPU
		{47288F53-4069-4504-A4A1-E582677B4B5B}.Debug|Any CPU.Build.0 = Debug|Any CPU
		{47288F53-4069-4504-A4A1-E582677B4B5B}.Release|Any CPU.ActiveCfg = Debug|Any CPU
	EndGlobalSection
	GlobalSection(SolutionProperties) = preSolution
		HideSolutionNode = FALSE
	EndGlobalSection
	GlobalSection(ExtensibilityGlobals) = postSolution
		SolutionGuid = {D9B37E4D-2AD3-41C9-8F61-BDE6768FD4A9}
	EndGlobalSection
EndGlobal
